
Microsoft Visual Studio Solution File, Format Version 12.00
# Visual Studio Version 17
VisualStudioVersion = 17.10.34928.147
MinimumVisualStudioVersion = 10.0.40219.1
Project("{2150E333-8FDC-42A3-9474-1A3956D46DE8}") = "src", "src", "{C8331964-3A9B-4896-98A6-4C29E4E22014}"
EndProject
Project("{2150E333-8FDC-42A3-9474-1A3956D46DE8}") = "Services", "Services", "{1298AF82-CF99-450C-A161-139D331E72E6}"
EndProject
Project("{2150E333-8FDC-42A3-9474-1A3956D46DE8}") = "Protos", "Protos", "{2D8D8F65-71DA-486B-B25E-87B1A84409EF}"
	ProjectSection(SolutionItems) = preProject
		drivers.proto = drivers.proto
		auth.proto = auth.proto
		vehicles.proto = vehicles.proto
		fuel.proto = fuel.proto
		routes.proto = routes.proto
	EndProjectSection
EndProject
Project("{2150E333-8FDC-42A3-9474-1A3956D46DE8}") = "Shared", "Shared", "{1C7D5D45-A6B5-4A14-BD34-B9F150973B2C}"
EndProject
Project("{2150E333-8FDC-42A3-9474-1A3956D46DE8}") = "Infrastructure", "Infrastructure", "{4CAD4EEB-38D0-448E-A0B6-2E358E0531ED}"
EndProject
Project("{2150E333-8FDC-42A3-9474-1A3956D46DE8}") = "Gateway", "Gateway", "{D8D32465-2352-4BCE-AEA7-65B971A988DD}"
EndProject
Project("{FAE04EC0-301F-11D3-BF4B-00C04F79EFBC}") = "XYZ.DriversService", "XYZ.DriversService\XYZ.DriversService.csproj", "{C6B56D21-B40F-43CE-ACF7-49F5659B3B11}"
EndProject
Project("{FAE04EC0-301F-11D3-BF4B-00C04F79EFBC}") = "XYZ.VehiclesService", "XYZ.VehiclesService\XYZ.VehiclesService.csproj", "{742336FD-9EDB-466D-80FD-0EDE83B4E096}"
EndProject
Project("{FAE04EC0-301F-11D3-BF4B-00C04F79EFBC}") = "XYZ.RoutesService", "XYZ.RoutesService\XYZ.RoutesService.csproj", "{E8201CD8-BD58-47B0-8EDA-EE66779A85FD}"
EndProject
Project("{FAE04EC0-301F-11D3-BF4B-00C04F79EFBC}") = "XYZ.FuelService", "XYZ.FuelService\XYZ.FuelService.csproj", "{8484C0B7-8727-48CA-B9A2-C84418922FAD}"
EndProject
Project("{FAE04EC0-301F-11D3-BF4B-00C04F79EFBC}") = "XYZ.AuthService", "XYZ.AuthService\XYZ.AuthService.csproj", "{FD431598-7F17-4F3F-94CC-576EF9857AD5}"
EndProject
Global
	GlobalSection(SolutionConfigurationPlatforms) = preSolution
		Debug|Any CPU = Debug|Any CPU
		Release|Any CPU = Release|Any CPU
	EndGlobalSection
	GlobalSection(ProjectConfigurationPlatforms) = postSolution
		{C6B56D21-B40F-43CE-ACF7-49F5659B3B11}.Debug|Any CPU.ActiveCfg = Debug|Any CPU
		{C6B56D21-B40F-43CE-ACF7-49F5659B3B11}.Debug|Any CPU.Build.0 = Debug|Any CPU
		{C6B56D21-B40F-43CE-ACF7-49F5659B3B11}.Release|Any CPU.ActiveCfg = Release|Any CPU
		{C6B56D21-B40F-43CE-ACF7-49F5659B3B11}.Release|Any CPU.Build.0 = Release|Any CPU
		{742336FD-9EDB-466D-80FD-0EDE83B4E096}.Debug|Any CPU.ActiveCfg = Debug|Any CPU
		{742336FD-9EDB-466D-80FD-0EDE83B4E096}.Debug|Any CPU.Build.0 = Debug|Any CPU
		{742336FD-9EDB-466D-80FD-0EDE83B4E096}.Release|Any CPU.ActiveCfg = Release|Any CPU
		{742336FD-9EDB-466D-80FD-0EDE83B4E096}.Release|Any CPU.Build.0 = Release|Any CPU
		{E8201CD8-BD58-47B0-8EDA-EE66779A85FD}.Debug|Any CPU.ActiveCfg = Debug|Any CPU
		{E8201CD8-BD58-47B0-8EDA-EE66779A85FD}.Debug|Any CPU.Build.0 = Debug|Any CPU
		{E8201CD8-BD58-47B0-8EDA-EE66779A85FD}.Release|Any CPU.ActiveCfg = Release|Any CPU
		{E8201CD8-BD58-47B0-8EDA-EE66779A85FD}.Release|Any CPU.Build.0 = Release|Any CPU
		{8484C0B7-8727-48CA-B9A2-C84418922FAD}.Debug|Any CPU.ActiveCfg = Debug|Any CPU
		{8484C0B7-8727-48CA-B9A2-C84418922FAD}.Debug|Any CPU.Build.0 = Debug|Any CPU
		{8484C0B7-8727-48CA-B9A2-C84418922FAD}.Release|Any CPU.ActiveCfg = Release|Any CPU
		{8484C0B7-8727-48CA-B9A2-C84418922FAD}.Release|Any CPU.Build.0 = Release|Any CPU
		{FD431598-7F17-4F3F-94CC-576EF9857AD5}.Debug|Any CPU.ActiveCfg = Debug|Any CPU
		{FD431598-7F17-4F3F-94CC-576EF9857AD5}.Debug|Any CPU.Build.0 = Debug|Any CPU
		{FD431598-7F17-4F3F-94CC-576EF9857AD5}.Release|Any CPU.ActiveCfg = Release|Any CPU
		{FD431598-7F17-4F3F-94CC-576EF9857AD5}.Release|Any CPU.Build.0 = Release|Any CPU
	EndGlobalSection
	GlobalSection(SolutionProperties) = preSolution
		HideSolutionNode = FALSE
	EndGlobalSection
	GlobalSection(NestedProjects) = preSolution
		{1298AF82-CF99-450C-A161-139D331E72E6} = {C8331964-3A9B-4896-98A6-4C29E4E22014}
		{2D8D8F65-71DA-486B-B25E-87B1A84409EF} = {C8331964-3A9B-4896-98A6-4C29E4E22014}
		{1C7D5D45-A6B5-4A14-BD34-B9F150973B2C} = {C8331964-3A9B-4896-98A6-4C29E4E22014}
		{4CAD4EEB-38D0-448E-A0B6-2E358E0531ED} = {C8331964-3A9B-4896-98A6-4C29E4E22014}
		{D8D32465-2352-4BCE-AEA7-65B971A988DD} = {C8331964-3A9B-4896-98A6-4C29E4E22014}
		{C6B56D21-B40F-43CE-ACF7-49F5659B3B11} = {1298AF82-CF99-450C-A161-139D331E72E6}
		{742336FD-9EDB-466D-80FD-0EDE83B4E096} = {1298AF82-CF99-450C-A161-139D331E72E6}
		{E8201CD8-BD58-47B0-8EDA-EE66779A85FD} = {1298AF82-CF99-450C-A161-139D331E72E6}
		{8484C0B7-8727-48CA-B9A2-C84418922FAD} = {1298AF82-CF99-450C-A161-139D331E72E6}
		{FD431598-7F17-4F3F-94CC-576EF9857AD5} = {1298AF82-CF99-450C-A161-139D331E72E6}
	EndGlobalSection
	GlobalSection(ExtensibilityGlobals) = postSolution
		SolutionGuid = {ADD24344-FF6D-472D-ACBD-8AF1E96370F1}
	EndGlobalSection
EndGlobal
